
Microsoft Visual Studio Solution File, Format Version 12.00
# Visual Studio Version 16
VisualStudioVersion = 16.0.29911.84
MinimumVisualStudioVersion = 10.0.40219.1
Project("{FAE04EC0-301F-11D3-BF4B-00C04F79EFBC}") = "Business.Logic", "Business.Logic\Business.Logic.csproj", "{147D179D-F1CC-4982-BCEF-AE648A69557F}"
EndProject
Project("{FAE04EC0-301F-11D3-BF4B-00C04F79EFBC}") = "Util", "Util\Util.csproj", "{51417BEE-23AF-48D2-87BD-1E5C543E89B6}"
EndProject
Project("{FAE04EC0-301F-11D3-BF4B-00C04F79EFBC}") = "Business.Entities", "Business.Entities\Business.Entities.csproj", "{D6614856-A545-48CE-AB95-DED3A4BA20FC}"
EndProject
Project("{FAE04EC0-301F-11D3-BF4B-00C04F79EFBC}") = "UI.Consola", "UI.Consola\UI.Consola.csproj", "{066C91B0-78D0-4A9E-B1D5-93422C0A9AC3}"
EndProject
Project("{FAE04EC0-301F-11D3-BF4B-00C04F79EFBC}") = "Data.Database", "..\..\Users\julil\Desktop\.NET\Data.Database\Data.Database\Data.Database.csproj", "{18D1C50F-58E0-4D94-B05B-4A95A146E6BB}"
EndProject
Project("{FAE04EC0-301F-11D3-BF4B-00C04F79EFBC}") = "UI.Desktop", "UI.Desktop\UI.Desktop.csproj", "{0D8FFA19-6B8E-420E-BF91-5CB040153F55}"
EndProject
Project("{FAE04EC0-301F-11D3-BF4B-00C04F79EFBC}") = "UI.Web", "UI.Web\UI.Web.csproj", "{4CB6582B-4D0D-4C61-AE92-1757D6AAC293}"
EndProject
Global
	GlobalSection(SolutionConfigurationPlatforms) = preSolution
		Debug|Any CPU = Debug|Any CPU
		Release|Any CPU = Release|Any CPU
	EndGlobalSection
	GlobalSection(ProjectConfigurationPlatforms) = postSolution
		{147D179D-F1CC-4982-BCEF-AE648A69557F}.Debug|Any CPU.ActiveCfg = Debug|Any CPU
		{147D179D-F1CC-4982-BCEF-AE648A69557F}.Debug|Any CPU.Build.0 = Debug|Any CPU
		{147D179D-F1CC-4982-BCEF-AE648A69557F}.Release|Any CPU.ActiveCfg = Release|Any CPU
		{147D179D-F1CC-4982-BCEF-AE648A69557F}.Release|Any CPU.Build.0 = Release|Any CPU
		{51417BEE-23AF-48D2-87BD-1E5C543E89B6}.Debug|Any CPU.ActiveCfg = Debug|Any CPU
		{51417BEE-23AF-48D2-87BD-1E5C543E89B6}.Debug|Any CPU.Build.0 = Debug|Any CPU
		{51417BEE-23AF-48D2-87BD-1E5C543E89B6}.Release|Any CPU.ActiveCfg = Release|Any CPU
		{51417BEE-23AF-48D2-87BD-1E5C543E89B6}.Release|Any CPU.Build.0 = Release|Any CPU
		{D6614856-A545-48CE-AB95-DED3A4BA20FC}.Debug|Any CPU.ActiveCfg = Debug|Any CPU
		{D6614856-A545-48CE-AB95-DED3A4BA20FC}.Debug|Any CPU.Build.0 = Debug|Any CPU
		{D6614856-A545-48CE-AB95-DED3A4BA20FC}.Release|Any CPU.ActiveCfg = Release|Any CPU
		{D6614856-A545-48CE-AB95-DED3A4BA20FC}.Release|Any CPU.Build.0 = Release|Any CPU
		{066C91B0-78D0-4A9E-B1D5-93422C0A9AC3}.Debug|Any CPU.ActiveCfg = Debug|Any CPU
		{066C91B0-78D0-4A9E-B1D5-93422C0A9AC3}.Debug|Any CPU.Build.0 = Debug|Any CPU
		{066C91B0-78D0-4A9E-B1D5-93422C0A9AC3}.Release|Any CPU.ActiveCfg = Release|Any CPU
		{066C91B0-78D0-4A9E-B1D5-93422C0A9AC3}.Release|Any CPU.Build.0 = Release|Any CPU
		{18D1C50F-58E0-4D94-B05B-4A95A146E6BB}.Debug|Any CPU.ActiveCfg = Debug|Any CPU
		{18D1C50F-58E0-4D94-B05B-4A95A146E6BB}.Debug|Any CPU.Build.0 = Debug|Any CPU
		{18D1C50F-58E0-4D94-B05B-4A95A146E6BB}.Release|Any CPU.ActiveCfg = Release|Any CPU
		{18D1C50F-58E0-4D94-B05B-4A95A146E6BB}.Release|Any CPU.Build.0 = Release|Any CPU
		{0D8FFA19-6B8E-420E-BF91-5CB040153F55}.Debug|Any CPU.ActiveCfg = Debug|Any CPU
		{0D8FFA19-6B8E-420E-BF91-5CB040153F55}.Debug|Any CPU.Build.0 = Debug|Any CPU
		{0D8FFA19-6B8E-420E-BF91-5CB040153F55}.Release|Any CPU.ActiveCfg = Release|Any CPU
		{0D8FFA19-6B8E-420E-BF91-5CB040153F55}.Release|Any CPU.Build.0 = Release|Any CPU
		{4CB6582B-4D0D-4C61-AE92-1757D6AAC293}.Debug|Any CPU.ActiveCfg = Debug|Any CPU
		{4CB6582B-4D0D-4C61-AE92-1757D6AAC293}.Debug|Any CPU.Build.0 = Debug|Any CPU
		{4CB6582B-4D0D-4C61-AE92-1757D6AAC293}.Release|Any CPU.ActiveCfg = Release|Any CPU
		{4CB6582B-4D0D-4C61-AE92-1757D6AAC293}.Release|Any CPU.Build.0 = Release|Any CPU
	EndGlobalSection
	GlobalSection(SolutionProperties) = preSolution
		HideSolutionNode = FALSE
	EndGlobalSection
	GlobalSection(ExtensibilityGlobals) = postSolution
		SolutionGuid = {BD108FBB-3DDA-4658-AE10-0384B5C0F552}
	EndGlobalSection
EndGlobal
